
Microsoft Visual Studio Solution File, Format Version 12.00
# Visual Studio 15
VisualStudioVersion = 15.0.27130.2010
MinimumVisualStudioVersion = 10.0.40219.1
Project("{FAE04EC0-301F-11D3-BF4B-00C04F79EFBC}") = "ConsoleApp1", "ConsoleApp1\ConsoleApp1.csproj", "{7280C080-6CF0-4A4B-BA22-D3AA0416EDDF}"
EndProject
Project("{FAE04EC0-301F-11D3-BF4B-00C04F79EFBC}") = "UnitTestProject1", "UnitTestProject1\UnitTestProject1.csproj", "{8804FD11-78F0-47A9-8AEB-89E9E90CCFDD}"
EndProject
Global
	GlobalSection(SolutionConfigurationPlatforms) = preSolution
		Debug|Any CPU = Debug|Any CPU
		Debug|ARM = Debug|ARM
		Debug|x64 = Debug|x64
		Debug|x86 = Debug|x86
		Release|Any CPU = Release|Any CPU
		Release|ARM = Release|ARM
		Release|x64 = Release|x64
		Release|x86 = Release|x86
	EndGlobalSection
	GlobalSection(ProjectConfigurationPlatforms) = postSolution
		{7280C080-6CF0-4A4B-BA22-D3AA0416EDDF}.Debug|Any CPU.ActiveCfg = Debug|Any CPU
		{7280C080-6CF0-4A4B-BA22-D3AA0416EDDF}.Debug|Any CPU.Build.0 = Debug|Any CPU
		{7280C080-6CF0-4A4B-BA22-D3AA0416EDDF}.Debug|ARM.ActiveCfg = Debug|Any CPU
		{7280C080-6CF0-4A4B-BA22-D3AA0416EDDF}.Debug|ARM.Build.0 = Debug|Any CPU
		{7280C080-6CF0-4A4B-BA22-D3AA0416EDDF}.Debug|x64.ActiveCfg = Debug|Any CPU
		{7280C080-6CF0-4A4B-BA22-D3AA0416EDDF}.Debug|x64.Build.0 = Debug|Any CPU
		{7280C080-6CF0-4A4B-BA22-D3AA0416EDDF}.Debug|x86.ActiveCfg = Debug|Any CPU
		{7280C080-6CF0-4A4B-BA22-D3AA0416EDDF}.Debug|x86.Build.0 = Debug|Any CPU
		{7280C080-6CF0-4A4B-BA22-D3AA0416EDDF}.Release|Any CPU.ActiveCfg = Release|Any CPU
		{7280C080-6CF0-4A4B-BA22-D3AA0416EDDF}.Release|Any CPU.Build.0 = Release|Any CPU
		{7280C080-6CF0-4A4B-BA22-D3AA0416EDDF}.Release|ARM.ActiveCfg = Release|Any CPU
		{7280C080-6CF0-4A4B-BA22-D3AA0416EDDF}.Release|ARM.Build.0 = Release|Any CPU
		{7280C080-6CF0-4A4B-BA22-D3AA0416EDDF}.Release|x64.ActiveCfg = Release|Any CPU
		{7280C080-6CF0-4A4B-BA22-D3AA0416EDDF}.Release|x64.Build.0 = Release|Any CPU
		{7280C080-6CF0-4A4B-BA22-D3AA0416EDDF}.Release|x86.ActiveCfg = Release|Any CPU
		{7280C080-6CF0-4A4B-BA22-D3AA0416EDDF}.Release|x86.Build.0 = Release|Any CPU
		{8804FD11-78F0-47A9-8AEB-89E9E90CCFDD}.Debug|Any CPU.ActiveCfg = Debug|Any CPU
		{8804FD11-78F0-47A9-8AEB-89E9E90CCFDD}.Debug|Any CPU.Build.0 = Debug|Any CPU
		{8804FD11-78F0-47A9-8AEB-89E9E90CCFDD}.Debug|ARM.ActiveCfg = Debug|Any CPU
		{8804FD11-78F0-47A9-8AEB-89E9E90CCFDD}.Debug|ARM.Build.0 = Debug|Any CPU
		{8804FD11-78F0-47A9-8AEB-89E9E90CCFDD}.Debug|x64.ActiveCfg = Debug|Any CPU
		{8804FD11-78F0-47A9-8AEB-89E9E90CCFDD}.Debug|x64.Build.0 = Debug|Any CPU
		{8804FD11-78F0-47A9-8AEB-89E9E90CCFDD}.Debug|x86.ActiveCfg = Debug|Any CPU
		{8804FD11-78F0-47A9-8AEB-89E9E90CCFDD}.Debug|x86.Build.0 = Debug|Any CPU
		{8804FD11-78F0-47A9-8AEB-89E9E90CCFDD}.Release|Any CPU.ActiveCfg = Release|Any CPU
		{8804FD11-78F0-47A9-8AEB-89E9E90CCFDD}.Release|Any CPU.Build.0 = Release|Any CPU
		{8804FD11-78F0-47A9-8AEB-89E9E90CCFDD}.Release|ARM.ActiveCfg = Release|Any CPU
		{8804FD11-78F0-47A9-8AEB-89E9E90CCFDD}.Release|ARM.Build.0 = Release|Any CPU
		{8804FD11-78F0-47A9-8AEB-89E9E90CCFDD}.Release|x64.ActiveCfg = Release|Any CPU
		{8804FD11-78F0-47A9-8AEB-89E9E90CCFDD}.Release|x64.Build.0 = Release|Any CPU
		{8804FD11-78F0-47A9-8AEB-89E9E90CCFDD}.Release|x86.ActiveCfg = Release|Any CPU
		{8804FD11-78F0-47A9-8AEB-89E9E90CCFDD}.Release|x86.Build.0 = Release|Any CPU
	EndGlobalSection
	GlobalSection(SolutionProperties) = preSolution
		HideSolutionNode = FALSE
	EndGlobalSection
	GlobalSection(ExtensibilityGlobals) = postSolution
		SolutionGuid = {EA95CB0A-4BB5-444F-B90B-E2B7EAE5C73E}
	EndGlobalSection
EndGlobal
